{
  "name": "comic-downloader-core",
  "version": "1.0.0",
  "lockfileVersion": 1,
  "requires": true,
  "dependencies": {
    "@types/cheerio": {
      "version": "0.22.22",
      "resolved": "https://registry.npmjs.org/@types/cheerio/-/cheerio-0.22.22.tgz",
      "integrity": "sha512-05DYX4zU96IBfZFY+t3Mh88nlwSMtmmzSYaQkKN48T495VV1dkHSah6qYyDTN5ngaS0i0VonH37m+RuzSM0YiA==",
      "requires": {
        "@types/node": "*"
      },
      "dependencies": {
        "@types/node": {
          "version": "14.14.6",
          "resolved": "https://registry.npmjs.org/@types/node/-/node-14.14.6.tgz",
          "integrity": "sha512-6QlRuqsQ/Ox/aJEQWBEJG7A9+u7oSYl3mem/K8IzxXG/kAGbV1YPD9Bg9Zw3vyxC/YP+zONKwy8hGkSt1jxFMw=="
        }
      }
    }
  }
}
